
Microsoft Visual Studio Solution File, Format Version 12.00
# Visual Studio Version 16
VisualStudioVersion = 16.0.30621.155
MinimumVisualStudioVersion = 10.0.40219.1
Project("{FAE04EC0-301F-11D3-BF4B-00C04F79EFBC}") = "SquareApp", "SquareApp\SquareApp.csproj", "{5F09DAFF-EE5C-438E-885A-D2B04830F2AA}"
EndProject
Global
	GlobalSection(SolutionConfigurationPlatforms) = preSolution
		Debug|Any CPU = Debug|Any CPU
		Release|Any CPU = Release|Any CPU
	EndGlobalSection
	GlobalSection(ProjectConfigurationPlatforms) = postSolution
		{5F09DAFF-EE5C-438E-885A-D2B04830F2AA}.Debug|Any CPU.ActiveCfg = Debug|Any CPU
		{5F09DAFF-EE5C-438E-885A-D2B04830F2AA}.Debug|Any CPU.Build.0 = Debug|Any CPU
		{5F09DAFF-EE5C-438E-885A-D2B04830F2AA}.Release|Any CPU.ActiveCfg = Release|Any CPU
		{5F09DAFF-EE5C-438E-885A-D2B04830F2AA}.Release|Any CPU.Build.0 = Release|Any CPU
	EndGlobalSection
	GlobalSection(SolutionProperties) = preSolution
		HideSolutionNode = FALSE
	EndGlobalSection
	GlobalSection(ExtensibilityGlobals) = postSolution
		SolutionGuid = {6EAD5273-B012-4DDA-9885-C7F044FB2596}
	EndGlobalSection
EndGlobal
