
Microsoft Visual Studio Solution File, Format Version 12.00
# Visual Studio Version 16
VisualStudioVersion = 16.0.30717.126
MinimumVisualStudioVersion = 10.0.40219.1
Project("{9A19103F-16F7-4668-BE54-9A1E7A4F7556}") = "01.BasketballEquipment", "01.BasketballEquipment\01.BasketballEquipment.csproj", "{AC0BB34C-F016-4F3B-B92D-8C4302D55FA3}"
EndProject
Project("{9A19103F-16F7-4668-BE54-9A1E7A4F7556}") = "01.TennisEquipment", "01.TennisEquipment\01.TennisEquipment.csproj", "{0331447D-D459-4272-BF91-814A5BD303D4}"
EndProject
Project("{9A19103F-16F7-4668-BE54-9A1E7A4F7556}") = "02.FootballResults", "02.FootballResults\02.FootballResults.csproj", "{35BB9492-22C1-4D34-8352-902034371E66}"
EndProject
Project("{9A19103F-16F7-4668-BE54-9A1E7A4F7556}") = "02.Skeleton", "02.Skeleton\02.Skeleton.csproj", "{F58522CE-4E65-4608-AA33-48A0D50F09DC}"
EndProject
Project("{9A19103F-16F7-4668-BE54-9A1E7A4F7556}") = "03.Gymnastics", "Gymnastics\03.Gymnastics.csproj", "{61382D48-3F73-4ADF-A751-2FF082E13596}"
EndProject
Project("{9A19103F-16F7-4668-BE54-9A1E7A4F7556}") = "03.SnookerChampionship", "03.SnookerChampionship\03.SnookerChampionship.csproj", "{361F7C17-8F89-46BA-BBBA-3101E2F84758}"
EndProject
Project("{9A19103F-16F7-4668-BE54-9A1E7A4F7556}") = "04.GameNumberWars", "04.GameNumberWars\04.GameNumberWars.csproj", "{FE2168B6-0752-421A-99D1-3B9811642DAD}"
EndProject
Project("{9A19103F-16F7-4668-BE54-9A1E7A4F7556}") = "04.Darts", "04.Darts\04.Darts.csproj", "{F9C182FF-34E4-4756-865E-4D8C790AE0F8}"
EndProject
Project("{9A19103F-16F7-4668-BE54-9A1E7A4F7556}") = "05.TennisRanklist", "05.TennisRanklist\05.TennisRanklist.csproj", "{4A3C5E90-8046-435B-A689-70175E5ED1FE}"
EndProject
Project("{9A19103F-16F7-4668-BE54-9A1E7A4F7556}") = "05.FitnessCenter", "FitnessCenter\05.FitnessCenter.csproj", "{AF612534-B50D-42AE-987D-DD252DD0D3CE}"
EndProject
Project("{9A19103F-16F7-4668-BE54-9A1E7A4F7556}") = "06.HighJump", "06.HighJump\06.HighJump.csproj", "{F6BE843B-09A7-4B77-88D9-8962628D1E45}"
EndProject
Project("{FAE04EC0-301F-11D3-BF4B-00C04F79EFBC}") = "06.BasketballTournament", "06.BasketballTournament\06.BasketballTournament.csproj", "{022679AE-56F4-4312-9499-3208537EAC52}"
EndProject
Global
	GlobalSection(SolutionConfigurationPlatforms) = preSolution
		Debug|Any CPU = Debug|Any CPU
		Release|Any CPU = Release|Any CPU
	EndGlobalSection
	GlobalSection(ProjectConfigurationPlatforms) = postSolution
		{AC0BB34C-F016-4F3B-B92D-8C4302D55FA3}.Debug|Any CPU.ActiveCfg = Debug|Any CPU
		{AC0BB34C-F016-4F3B-B92D-8C4302D55FA3}.Debug|Any CPU.Build.0 = Debug|Any CPU
		{AC0BB34C-F016-4F3B-B92D-8C4302D55FA3}.Release|Any CPU.ActiveCfg = Release|Any CPU
		{AC0BB34C-F016-4F3B-B92D-8C4302D55FA3}.Release|Any CPU.Build.0 = Release|Any CPU
		{0331447D-D459-4272-BF91-814A5BD303D4}.Debug|Any CPU.ActiveCfg = Debug|Any CPU
		{0331447D-D459-4272-BF91-814A5BD303D4}.Debug|Any CPU.Build.0 = Debug|Any CPU
		{0331447D-D459-4272-BF91-814A5BD303D4}.Release|Any CPU.ActiveCfg = Release|Any CPU
		{0331447D-D459-4272-BF91-814A5BD303D4}.Release|Any CPU.Build.0 = Release|Any CPU
		{35BB9492-22C1-4D34-8352-902034371E66}.Debug|Any CPU.ActiveCfg = Debug|Any CPU
		{35BB9492-22C1-4D34-8352-902034371E66}.Debug|Any CPU.Build.0 = Debug|Any CPU
		{35BB9492-22C1-4D34-8352-902034371E66}.Release|Any CPU.ActiveCfg = Release|Any CPU
		{35BB9492-22C1-4D34-8352-902034371E66}.Release|Any CPU.Build.0 = Release|Any CPU
		{F58522CE-4E65-4608-AA33-48A0D50F09DC}.Debug|Any CPU.ActiveCfg = Debug|Any CPU
		{F58522CE-4E65-4608-AA33-48A0D50F09DC}.Debug|Any CPU.Build.0 = Debug|Any CPU
		{F58522CE-4E65-4608-AA33-48A0D50F09DC}.Release|Any CPU.ActiveCfg = Release|Any CPU
		{F58522CE-4E65-4608-AA33-48A0D50F09DC}.Release|Any CPU.Build.0 = Release|Any CPU
		{61382D48-3F73-4ADF-A751-2FF082E13596}.Debug|Any CPU.ActiveCfg = Debug|Any CPU
		{61382D48-3F73-4ADF-A751-2FF082E13596}.Debug|Any CPU.Build.0 = Debug|Any CPU
		{61382D48-3F73-4ADF-A751-2FF082E13596}.Release|Any CPU.ActiveCfg = Release|Any CPU
		{61382D48-3F73-4ADF-A751-2FF082E13596}.Release|Any CPU.Build.0 = Release|Any CPU
		{361F7C17-8F89-46BA-BBBA-3101E2F84758}.Debug|Any CPU.ActiveCfg = Debug|Any CPU
		{361F7C17-8F89-46BA-BBBA-3101E2F84758}.Debug|Any CPU.Build.0 = Debug|Any CPU
		{361F7C17-8F89-46BA-BBBA-3101E2F84758}.Release|Any CPU.ActiveCfg = Release|Any CPU
		{361F7C17-8F89-46BA-BBBA-3101E2F84758}.Release|Any CPU.Build.0 = Release|Any CPU
		{FE2168B6-0752-421A-99D1-3B9811642DAD}.Debug|Any CPU.ActiveCfg = Debug|Any CPU
		{FE2168B6-0752-421A-99D1-3B9811642DAD}.Debug|Any CPU.Build.0 = Debug|Any CPU
		{FE2168B6-0752-421A-99D1-3B9811642DAD}.Release|Any CPU.ActiveCfg = Release|Any CPU
		{FE2168B6-0752-421A-99D1-3B9811642DAD}.Release|Any CPU.Build.0 = Release|Any CPU
		{F9C182FF-34E4-4756-865E-4D8C790AE0F8}.Debug|Any CPU.ActiveCfg = Debug|Any CPU
		{F9C182FF-34E4-4756-865E-4D8C790AE0F8}.Debug|Any CPU.Build.0 = Debug|Any CPU
		{F9C182FF-34E4-4756-865E-4D8C790AE0F8}.Release|Any CPU.ActiveCfg = Release|Any CPU
		{F9C182FF-34E4-4756-865E-4D8C790AE0F8}.Release|Any CPU.Build.0 = Release|Any CPU
		{4A3C5E90-8046-435B-A689-70175E5ED1FE}.Debug|Any CPU.ActiveCfg = Debug|Any CPU
		{4A3C5E90-8046-435B-A689-70175E5ED1FE}.Debug|Any CPU.Build.0 = Debug|Any CPU
		{4A3C5E90-8046-435B-A689-70175E5ED1FE}.Release|Any CPU.ActiveCfg = Release|Any CPU
		{4A3C5E90-8046-435B-A689-70175E5ED1FE}.Release|Any CPU.Build.0 = Release|Any CPU
		{AF612534-B50D-42AE-987D-DD252DD0D3CE}.Debug|Any CPU.ActiveCfg = Debug|Any CPU
		{AF612534-B50D-42AE-987D-DD252DD0D3CE}.Debug|Any CPU.Build.0 = Debug|Any CPU
		{AF612534-B50D-42AE-987D-DD252DD0D3CE}.Release|Any CPU.ActiveCfg = Release|Any CPU
		{AF612534-B50D-42AE-987D-DD252DD0D3CE}.Release|Any CPU.Build.0 = Release|Any CPU
		{F6BE843B-09A7-4B77-88D9-8962628D1E45}.Debug|Any CPU.ActiveCfg = Debug|Any CPU
		{F6BE843B-09A7-4B77-88D9-8962628D1E45}.Debug|Any CPU.Build.0 = Debug|Any CPU
		{F6BE843B-09A7-4B77-88D9-8962628D1E45}.Release|Any CPU.ActiveCfg = Release|Any CPU
		{F6BE843B-09A7-4B77-88D9-8962628D1E45}.Release|Any CPU.Build.0 = Release|Any CPU
		{022679AE-56F4-4312-9499-3208537EAC52}.Debug|Any CPU.ActiveCfg = Debug|Any CPU
		{022679AE-56F4-4312-9499-3208537EAC52}.Debug|Any CPU.Build.0 = Debug|Any CPU
		{022679AE-56F4-4312-9499-3208537EAC52}.Release|Any CPU.ActiveCfg = Release|Any CPU
		{022679AE-56F4-4312-9499-3208537EAC52}.Release|Any CPU.Build.0 = Release|Any CPU
	EndGlobalSection
	GlobalSection(SolutionProperties) = preSolution
		HideSolutionNode = FALSE
	EndGlobalSection
	GlobalSection(ExtensibilityGlobals) = postSolution
		SolutionGuid = {2A48FA96-C03E-434C-A848-F7C863B9813C}
	EndGlobalSection
EndGlobal
