
Microsoft Visual Studio Solution File, Format Version 12.00
# Visual Studio Version 16
VisualStudioVersion = 16.0.30621.155
MinimumVisualStudioVersion = 10.0.40219.1
Project("{FAE04EC0-301F-11D3-BF4B-00C04F79EFBC}") = "MyFirstProject", "MyFirstProject\MyFirstProject.csproj", "{A2A4888A-8966-4700-B462-D42574CBC0B9}"
EndProject
Global
	GlobalSection(SolutionConfigurationPlatforms) = preSolution
		Debug|Any CPU = Debug|Any CPU
		Release|Any CPU = Release|Any CPU
	EndGlobalSection
	GlobalSection(ProjectConfigurationPlatforms) = postSolution
		{A2A4888A-8966-4700-B462-D42574CBC0B9}.Debug|Any CPU.ActiveCfg = Debug|Any CPU
		{A2A4888A-8966-4700-B462-D42574CBC0B9}.Debug|Any CPU.Build.0 = Debug|Any CPU
		{A2A4888A-8966-4700-B462-D42574CBC0B9}.Release|Any CPU.ActiveCfg = Release|Any CPU
		{A2A4888A-8966-4700-B462-D42574CBC0B9}.Release|Any CPU.Build.0 = Release|Any CPU
	EndGlobalSection
	GlobalSection(SolutionProperties) = preSolution
		HideSolutionNode = FALSE
	EndGlobalSection
	GlobalSection(ExtensibilityGlobals) = postSolution
		SolutionGuid = {B9F5577B-C768-4C32-A831-D886A2843C94}
	EndGlobalSection
EndGlobal
