
Microsoft Visual Studio Solution File, Format Version 12.00
# Visual Studio Version 16
VisualStudioVersion = 16.0.30717.126
MinimumVisualStudioVersion = 10.0.40219.1
Project("{FAE04EC0-301F-11D3-BF4B-00C04F79EFBC}") = "VetParking", "VetParking\VetParking.csproj", "{397CE941-3CC8-49C5-82E0-8FC4980E38B9}"
EndProject
Project("{FAE04EC0-301F-11D3-BF4B-00C04F79EFBC}") = "DivisionWithoutRemainder", "DivisionWithoutRemainder\DivisionWithoutRemainder.csproj", "{186C9E02-1A0F-4F22-A9B8-063C6DE34F78}"
EndProject
Project("{FAE04EC0-301F-11D3-BF4B-00C04F79EFBC}") = "TouristShop", "TouristShop\TouristShop.csproj", "{AA2325EC-F2D0-4103-96CA-68992D48C3C0}"
EndProject
Project("{FAE04EC0-301F-11D3-BF4B-00C04F79EFBC}") = "MobileOperator", "MobileOperator\MobileOperator.csproj", "{E5FBD579-0910-4811-B04A-F01574AFB827}"
EndProject
Project("{FAE04EC0-301F-11D3-BF4B-00C04F79EFBC}") = "Safari", "Safari\Safari.csproj", "{7A4A47A2-B20D-4D7B-BFEC-B291FD12156B}"
EndProject
Project("{FAE04EC0-301F-11D3-BF4B-00C04F79EFBC}") = "FoodDelivery", "FoodDelivery\FoodDelivery.csproj", "{090F47DE-C44A-4CE8-AE30-31060C9B43F0}"
EndProject
Global
	GlobalSection(SolutionConfigurationPlatforms) = preSolution
		Debug|Any CPU = Debug|Any CPU
		Release|Any CPU = Release|Any CPU
	EndGlobalSection
	GlobalSection(ProjectConfigurationPlatforms) = postSolution
		{397CE941-3CC8-49C5-82E0-8FC4980E38B9}.Debug|Any CPU.ActiveCfg = Debug|Any CPU
		{397CE941-3CC8-49C5-82E0-8FC4980E38B9}.Debug|Any CPU.Build.0 = Debug|Any CPU
		{397CE941-3CC8-49C5-82E0-8FC4980E38B9}.Release|Any CPU.ActiveCfg = Release|Any CPU
		{397CE941-3CC8-49C5-82E0-8FC4980E38B9}.Release|Any CPU.Build.0 = Release|Any CPU
		{186C9E02-1A0F-4F22-A9B8-063C6DE34F78}.Debug|Any CPU.ActiveCfg = Debug|Any CPU
		{186C9E02-1A0F-4F22-A9B8-063C6DE34F78}.Debug|Any CPU.Build.0 = Debug|Any CPU
		{186C9E02-1A0F-4F22-A9B8-063C6DE34F78}.Release|Any CPU.ActiveCfg = Release|Any CPU
		{186C9E02-1A0F-4F22-A9B8-063C6DE34F78}.Release|Any CPU.Build.0 = Release|Any CPU
		{AA2325EC-F2D0-4103-96CA-68992D48C3C0}.Debug|Any CPU.ActiveCfg = Debug|Any CPU
		{AA2325EC-F2D0-4103-96CA-68992D48C3C0}.Debug|Any CPU.Build.0 = Debug|Any CPU
		{AA2325EC-F2D0-4103-96CA-68992D48C3C0}.Release|Any CPU.ActiveCfg = Release|Any CPU
		{AA2325EC-F2D0-4103-96CA-68992D48C3C0}.Release|Any CPU.Build.0 = Release|Any CPU
		{E5FBD579-0910-4811-B04A-F01574AFB827}.Debug|Any CPU.ActiveCfg = Debug|Any CPU
		{E5FBD579-0910-4811-B04A-F01574AFB827}.Debug|Any CPU.Build.0 = Debug|Any CPU
		{E5FBD579-0910-4811-B04A-F01574AFB827}.Release|Any CPU.ActiveCfg = Release|Any CPU
		{E5FBD579-0910-4811-B04A-F01574AFB827}.Release|Any CPU.Build.0 = Release|Any CPU
		{7A4A47A2-B20D-4D7B-BFEC-B291FD12156B}.Debug|Any CPU.ActiveCfg = Debug|Any CPU
		{7A4A47A2-B20D-4D7B-BFEC-B291FD12156B}.Debug|Any CPU.Build.0 = Debug|Any CPU
		{7A4A47A2-B20D-4D7B-BFEC-B291FD12156B}.Release|Any CPU.ActiveCfg = Release|Any CPU
		{7A4A47A2-B20D-4D7B-BFEC-B291FD12156B}.Release|Any CPU.Build.0 = Release|Any CPU
		{090F47DE-C44A-4CE8-AE30-31060C9B43F0}.Debug|Any CPU.ActiveCfg = Debug|Any CPU
		{090F47DE-C44A-4CE8-AE30-31060C9B43F0}.Debug|Any CPU.Build.0 = Debug|Any CPU
		{090F47DE-C44A-4CE8-AE30-31060C9B43F0}.Release|Any CPU.ActiveCfg = Release|Any CPU
		{090F47DE-C44A-4CE8-AE30-31060C9B43F0}.Release|Any CPU.Build.0 = Release|Any CPU
	EndGlobalSection
	GlobalSection(SolutionProperties) = preSolution
		HideSolutionNode = FALSE
	EndGlobalSection
	GlobalSection(ExtensibilityGlobals) = postSolution
		SolutionGuid = {3741DF83-ADB7-4639-B733-A3562CBDC4F7}
	EndGlobalSection
EndGlobal
