
Microsoft Visual Studio Solution File, Format Version 12.00
# Visual Studio Version 16
VisualStudioVersion = 16.0.30717.126
MinimumVisualStudioVersion = 10.0.40219.1
Project("{9A19103F-16F7-4668-BE54-9A1E7A4F7556}") = "Clock", "Clock\Clock.csproj", "{38F30F29-66E4-4D36-A7F0-115E4938F7EF}"
EndProject
Project("{9A19103F-16F7-4668-BE54-9A1E7A4F7556}") = "MultiplicationTable", "MultiplicationTable\MultiplicationTable.csproj", "{44493FB7-892C-49A6-9C98-396A8DE17D48}"
EndProject
Project("{9A19103F-16F7-4668-BE54-9A1E7A4F7556}") = "Combinations", "Combinations\Combinations.csproj", "{F8519B63-01F7-49FC-89AD-E699CA81406C}"
EndProject
Project("{9A19103F-16F7-4668-BE54-9A1E7A4F7556}") = "SumOfTwoNums", "SumOfTwoNums\SumOfTwoNums.csproj", "{8FE0F43C-5C0E-4FDB-8094-FC1B7114B5AD}"
EndProject
Project("{9A19103F-16F7-4668-BE54-9A1E7A4F7556}") = "Travelling", "Travelling\Travelling.csproj", "{1CCE332D-F1C6-4730-8FD6-271447EC3B22}"
EndProject
Project("{FAE04EC0-301F-11D3-BF4B-00C04F79EFBC}") = "Building", "Building\Building.csproj", "{F002F582-A006-42AA-AFE4-E0C6056E257F}"
EndProject
Project("{FAE04EC0-301F-11D3-BF4B-00C04F79EFBC}") = "CinemaTickets", "CinemaTickets\CinemaTickets.csproj", "{AC2EC295-9463-4252-BC00-C85B04BED7B3}"
EndProject
Global
	GlobalSection(SolutionConfigurationPlatforms) = preSolution
		Debug|Any CPU = Debug|Any CPU
		Release|Any CPU = Release|Any CPU
	EndGlobalSection
	GlobalSection(ProjectConfigurationPlatforms) = postSolution
		{38F30F29-66E4-4D36-A7F0-115E4938F7EF}.Debug|Any CPU.ActiveCfg = Debug|Any CPU
		{38F30F29-66E4-4D36-A7F0-115E4938F7EF}.Debug|Any CPU.Build.0 = Debug|Any CPU
		{38F30F29-66E4-4D36-A7F0-115E4938F7EF}.Release|Any CPU.ActiveCfg = Release|Any CPU
		{38F30F29-66E4-4D36-A7F0-115E4938F7EF}.Release|Any CPU.Build.0 = Release|Any CPU
		{44493FB7-892C-49A6-9C98-396A8DE17D48}.Debug|Any CPU.ActiveCfg = Debug|Any CPU
		{44493FB7-892C-49A6-9C98-396A8DE17D48}.Debug|Any CPU.Build.0 = Debug|Any CPU
		{44493FB7-892C-49A6-9C98-396A8DE17D48}.Release|Any CPU.ActiveCfg = Release|Any CPU
		{44493FB7-892C-49A6-9C98-396A8DE17D48}.Release|Any CPU.Build.0 = Release|Any CPU
		{F8519B63-01F7-49FC-89AD-E699CA81406C}.Debug|Any CPU.ActiveCfg = Debug|Any CPU
		{F8519B63-01F7-49FC-89AD-E699CA81406C}.Debug|Any CPU.Build.0 = Debug|Any CPU
		{F8519B63-01F7-49FC-89AD-E699CA81406C}.Release|Any CPU.ActiveCfg = Release|Any CPU
		{F8519B63-01F7-49FC-89AD-E699CA81406C}.Release|Any CPU.Build.0 = Release|Any CPU
		{8FE0F43C-5C0E-4FDB-8094-FC1B7114B5AD}.Debug|Any CPU.ActiveCfg = Debug|Any CPU
		{8FE0F43C-5C0E-4FDB-8094-FC1B7114B5AD}.Debug|Any CPU.Build.0 = Debug|Any CPU
		{8FE0F43C-5C0E-4FDB-8094-FC1B7114B5AD}.Release|Any CPU.ActiveCfg = Release|Any CPU
		{8FE0F43C-5C0E-4FDB-8094-FC1B7114B5AD}.Release|Any CPU.Build.0 = Release|Any CPU
		{1CCE332D-F1C6-4730-8FD6-271447EC3B22}.Debug|Any CPU.ActiveCfg = Debug|Any CPU
		{1CCE332D-F1C6-4730-8FD6-271447EC3B22}.Debug|Any CPU.Build.0 = Debug|Any CPU
		{1CCE332D-F1C6-4730-8FD6-271447EC3B22}.Release|Any CPU.ActiveCfg = Release|Any CPU
		{1CCE332D-F1C6-4730-8FD6-271447EC3B22}.Release|Any CPU.Build.0 = Release|Any CPU
		{F002F582-A006-42AA-AFE4-E0C6056E257F}.Debug|Any CPU.ActiveCfg = Debug|Any CPU
		{F002F582-A006-42AA-AFE4-E0C6056E257F}.Debug|Any CPU.Build.0 = Debug|Any CPU
		{F002F582-A006-42AA-AFE4-E0C6056E257F}.Release|Any CPU.ActiveCfg = Release|Any CPU
		{F002F582-A006-42AA-AFE4-E0C6056E257F}.Release|Any CPU.Build.0 = Release|Any CPU
		{AC2EC295-9463-4252-BC00-C85B04BED7B3}.Debug|Any CPU.ActiveCfg = Debug|Any CPU
		{AC2EC295-9463-4252-BC00-C85B04BED7B3}.Debug|Any CPU.Build.0 = Debug|Any CPU
		{AC2EC295-9463-4252-BC00-C85B04BED7B3}.Release|Any CPU.ActiveCfg = Release|Any CPU
		{AC2EC295-9463-4252-BC00-C85B04BED7B3}.Release|Any CPU.Build.0 = Release|Any CPU
	EndGlobalSection
	GlobalSection(SolutionProperties) = preSolution
		HideSolutionNode = FALSE
	EndGlobalSection
	GlobalSection(ExtensibilityGlobals) = postSolution
		SolutionGuid = {C9E39B34-5916-462E-BBA3-2E0B9B96A4BD}
	EndGlobalSection
EndGlobal
