
Microsoft Visual Studio Solution File, Format Version 12.00
# Visual Studio Version 16
VisualStudioVersion = 16.0.30621.155
MinimumVisualStudioVersion = 10.0.40219.1
Project("{FAE04EC0-301F-11D3-BF4B-00C04F79EFBC}") = "PipesInPool", "PipesInPool\PipesInPool.csproj", "{A648EE2E-4A65-4419-809A-375C611CF020}"
EndProject
Global
	GlobalSection(SolutionConfigurationPlatforms) = preSolution
		Debug|Any CPU = Debug|Any CPU
		Release|Any CPU = Release|Any CPU
	EndGlobalSection
	GlobalSection(ProjectConfigurationPlatforms) = postSolution
		{A648EE2E-4A65-4419-809A-375C611CF020}.Debug|Any CPU.ActiveCfg = Debug|Any CPU
		{A648EE2E-4A65-4419-809A-375C611CF020}.Debug|Any CPU.Build.0 = Debug|Any CPU
		{A648EE2E-4A65-4419-809A-375C611CF020}.Release|Any CPU.ActiveCfg = Release|Any CPU
		{A648EE2E-4A65-4419-809A-375C611CF020}.Release|Any CPU.Build.0 = Release|Any CPU
	EndGlobalSection
	GlobalSection(SolutionProperties) = preSolution
		HideSolutionNode = FALSE
	EndGlobalSection
	GlobalSection(ExtensibilityGlobals) = postSolution
		SolutionGuid = {2C7832B3-1ED0-47BF-AF97-0628F2FC905A}
	EndGlobalSection
EndGlobal
